
Microsoft Visual Studio Solution File, Format Version 12.00
# Visual Studio Version 17
VisualStudioVersion = 17.0.31903.59
MinimumVisualStudioVersion = 10.0.40219.1
Project("{FAE04EC0-301F-11D3-BF4B-00C04F79EFBC}") = "Tomat.SharpLink", "Tomat.SharpLink\Tomat.SharpLink.csproj", "{EA5157DA-B0B5-4EC3-8EF1-E52C30881E2A}"
EndProject
Project("{FAE04EC0-301F-11D3-BF4B-00C04F79EFBC}") = "Tomat.SharpLink.Cli", "Tomat.SharpLink.Cli\Tomat.SharpLink.Cli.csproj", "{47BEE4F7-8089-4D00-ADA8-0FF707A0B6A2}"
EndProject
Project("{FAE04EC0-301F-11D3-BF4B-00C04F79EFBC}") = "Tomat.SharpLink.Compiler", "Tomat.SharpLink.Compiler\Tomat.SharpLink.Compiler.csproj", "{4B1C52E0-798A-4F33-AF98-2D0B20237815}"
EndProject
Project("{FAE04EC0-301F-11D3-BF4B-00C04F79EFBC}") = "Tomat.SharpLink.CoreLib", "Tomat.SharpLink.CoreLib\Tomat.SharpLink.CoreLib.csproj", "{1B6034E7-1A22-4F24-B9B0-F0FF08135859}"
EndProject
Global
	GlobalSection(SolutionConfigurationPlatforms) = preSolution
		Debug|Any CPU = Debug|Any CPU
		Release|Any CPU = Release|Any CPU
	EndGlobalSection
	GlobalSection(SolutionProperties) = preSolution
		HideSolutionNode = FALSE
	EndGlobalSection
	GlobalSection(ProjectConfigurationPlatforms) = postSolution
		{EA5157DA-B0B5-4EC3-8EF1-E52C30881E2A}.Debug|Any CPU.ActiveCfg = Debug|Any CPU
		{EA5157DA-B0B5-4EC3-8EF1-E52C30881E2A}.Debug|Any CPU.Build.0 = Debug|Any CPU
		{EA5157DA-B0B5-4EC3-8EF1-E52C30881E2A}.Release|Any CPU.ActiveCfg = Release|Any CPU
		{EA5157DA-B0B5-4EC3-8EF1-E52C30881E2A}.Release|Any CPU.Build.0 = Release|Any CPU
		{47BEE4F7-8089-4D00-ADA8-0FF707A0B6A2}.Debug|Any CPU.ActiveCfg = Debug|Any CPU
		{47BEE4F7-8089-4D00-ADA8-0FF707A0B6A2}.Debug|Any CPU.Build.0 = Debug|Any CPU
		{47BEE4F7-8089-4D00-ADA8-0FF707A0B6A2}.Release|Any CPU.ActiveCfg = Release|Any CPU
		{47BEE4F7-8089-4D00-ADA8-0FF707A0B6A2}.Release|Any CPU.Build.0 = Release|Any CPU
		{4B1C52E0-798A-4F33-AF98-2D0B20237815}.Debug|Any CPU.ActiveCfg = Debug|Any CPU
		{4B1C52E0-798A-4F33-AF98-2D0B20237815}.Debug|Any CPU.Build.0 = Debug|Any CPU
		{4B1C52E0-798A-4F33-AF98-2D0B20237815}.Release|Any CPU.ActiveCfg = Release|Any CPU
		{4B1C52E0-798A-4F33-AF98-2D0B20237815}.Release|Any CPU.Build.0 = Release|Any CPU
		{1B6034E7-1A22-4F24-B9B0-F0FF08135859}.Debug|Any CPU.ActiveCfg = Debug|Any CPU
		{1B6034E7-1A22-4F24-B9B0-F0FF08135859}.Debug|Any CPU.Build.0 = Debug|Any CPU
		{1B6034E7-1A22-4F24-B9B0-F0FF08135859}.Release|Any CPU.ActiveCfg = Release|Any CPU
		{1B6034E7-1A22-4F24-B9B0-F0FF08135859}.Release|Any CPU.Build.0 = Release|Any CPU
	EndGlobalSection
EndGlobal
